
Microsoft Visual Studio Solution File, Format Version 12.00
# Visual Studio Version 16
VisualStudioVersion = 16.0.31129.286
MinimumVisualStudioVersion = 10.0.40219.1
Project("{2150E333-8FDC-42A3-9474-1A3956D46DE8}") = "Application", "Application", "{D7FD60E8-B3FD-42E0-9C38-8633C61552DC}"
EndProject
Project("{2150E333-8FDC-42A3-9474-1A3956D46DE8}") = "Domain", "Domain", "{2E056B41-6674-49E0-AAD3-D22A7A5376D2}"
EndProject
Project("{2150E333-8FDC-42A3-9474-1A3956D46DE8}") = "Infra.IoC", "Infra.IoC", "{D88296FC-5CBC-424C-B00C-77001315DD73}"
EndProject
Project("{2150E333-8FDC-42A3-9474-1A3956D46DE8}") = "Infra.Data", "Infra.Data", "{EA0998DC-E3FE-4100-944E-68AE8D35C3F2}"
EndProject
Project("{2150E333-8FDC-42A3-9474-1A3956D46DE8}") = "Presentation", "Presentation", "{E1445410-B782-4BE3-8AD2-1ADD8E76BBC4}"
EndProject
Project("{9A19103F-16F7-4668-BE54-9A1E7A4F7556}") = "CleanArch.Mvc", "CleanArch.Mvc\CleanArch.Mvc.csproj", "{422AF445-0F3D-4C57-9071-DE423475F5B5}"
EndProject
Project("{9A19103F-16F7-4668-BE54-9A1E7A4F7556}") = "CleanArch.Domain", "CleanArch.Domain\CleanArch.Domain.csproj", "{701244F9-1BB6-4B85-85A3-87160D2B6E3A}"
EndProject
Project("{9A19103F-16F7-4668-BE54-9A1E7A4F7556}") = "CleanArch.Infra.Data", "CleanArch.Infra.Data\CleanArch.Infra.Data.csproj", "{E56C9A28-EA06-4BF7-B6DF-90EF8BA7A3F9}"
EndProject
Project("{FAE04EC0-301F-11D3-BF4B-00C04F79EFBC}") = "CleanArch.Application", "CleanArch.Application\CleanArch.Application.csproj", "{F074FB42-73C9-41FA-9916-CC82D0499EBA}"
EndProject
Project("{FAE04EC0-301F-11D3-BF4B-00C04F79EFBC}") = "CleanArch.Infra.IoC", "CleanArch.Infra.IoC\CleanArch.Infra.IoC.csproj", "{931D502B-AC7C-4839-8495-611AA57763B5}"
EndProject
Project("{2150E333-8FDC-42A3-9474-1A3956D46DE8}") = "Infra.Bus", "Infra.Bus", "{A1BEB010-34E4-441E-BCF2-BC7CCECFAD8D}"
EndProject
Project("{2150E333-8FDC-42A3-9474-1A3956D46DE8}") = "Api", "Api", "{6EFA4297-F482-4AFC-A383-C6DD2E4B7601}"
EndProject
Project("{FAE04EC0-301F-11D3-BF4B-00C04F79EFBC}") = "CleanArch.Infra.Bus", "CleanArch.Infra.Bus\CleanArch.Infra.Bus.csproj", "{9DD00B6B-0DC7-477F-8F02-AA2FBED1496A}"
EndProject
Project("{FAE04EC0-301F-11D3-BF4B-00C04F79EFBC}") = "CleanArch.Domain.Core", "CleanArch.Domain.Core\CleanArch.Domain.Core.csproj", "{F200909C-194F-47F6-8FD8-D994251DFAB3}"
EndProject
Project("{FAE04EC0-301F-11D3-BF4B-00C04F79EFBC}") = "CleanArch.Api", "CleanArch.Api\CleanArch.Api.csproj", "{9D647CF0-5AA4-499C-B5CE-5D330E420FC1}"
EndProject
Global
	GlobalSection(SolutionConfigurationPlatforms) = preSolution
		Debug|Any CPU = Debug|Any CPU
		Release|Any CPU = Release|Any CPU
	EndGlobalSection
	GlobalSection(ProjectConfigurationPlatforms) = postSolution
		{422AF445-0F3D-4C57-9071-DE423475F5B5}.Debug|Any CPU.ActiveCfg = Debug|Any CPU
		{422AF445-0F3D-4C57-9071-DE423475F5B5}.Debug|Any CPU.Build.0 = Debug|Any CPU
		{422AF445-0F3D-4C57-9071-DE423475F5B5}.Release|Any CPU.ActiveCfg = Release|Any CPU
		{422AF445-0F3D-4C57-9071-DE423475F5B5}.Release|Any CPU.Build.0 = Release|Any CPU
		{701244F9-1BB6-4B85-85A3-87160D2B6E3A}.Debug|Any CPU.ActiveCfg = Debug|Any CPU
		{701244F9-1BB6-4B85-85A3-87160D2B6E3A}.Debug|Any CPU.Build.0 = Debug|Any CPU
		{701244F9-1BB6-4B85-85A3-87160D2B6E3A}.Release|Any CPU.ActiveCfg = Release|Any CPU
		{701244F9-1BB6-4B85-85A3-87160D2B6E3A}.Release|Any CPU.Build.0 = Release|Any CPU
		{E56C9A28-EA06-4BF7-B6DF-90EF8BA7A3F9}.Debug|Any CPU.ActiveCfg = Debug|Any CPU
		{E56C9A28-EA06-4BF7-B6DF-90EF8BA7A3F9}.Debug|Any CPU.Build.0 = Debug|Any CPU
		{E56C9A28-EA06-4BF7-B6DF-90EF8BA7A3F9}.Release|Any CPU.ActiveCfg = Release|Any CPU
		{E56C9A28-EA06-4BF7-B6DF-90EF8BA7A3F9}.Release|Any CPU.Build.0 = Release|Any CPU
		{F074FB42-73C9-41FA-9916-CC82D0499EBA}.Debug|Any CPU.ActiveCfg = Debug|Any CPU
		{F074FB42-73C9-41FA-9916-CC82D0499EBA}.Debug|Any CPU.Build.0 = Debug|Any CPU
		{F074FB42-73C9-41FA-9916-CC82D0499EBA}.Release|Any CPU.ActiveCfg = Release|Any CPU
		{F074FB42-73C9-41FA-9916-CC82D0499EBA}.Release|Any CPU.Build.0 = Release|Any CPU
		{931D502B-AC7C-4839-8495-611AA57763B5}.Debug|Any CPU.ActiveCfg = Debug|Any CPU
		{931D502B-AC7C-4839-8495-611AA57763B5}.Debug|Any CPU.Build.0 = Debug|Any CPU
		{931D502B-AC7C-4839-8495-611AA57763B5}.Release|Any CPU.ActiveCfg = Release|Any CPU
		{931D502B-AC7C-4839-8495-611AA57763B5}.Release|Any CPU.Build.0 = Release|Any CPU
		{9DD00B6B-0DC7-477F-8F02-AA2FBED1496A}.Debug|Any CPU.ActiveCfg = Debug|Any CPU
		{9DD00B6B-0DC7-477F-8F02-AA2FBED1496A}.Debug|Any CPU.Build.0 = Debug|Any CPU
		{9DD00B6B-0DC7-477F-8F02-AA2FBED1496A}.Release|Any CPU.ActiveCfg = Release|Any CPU
		{9DD00B6B-0DC7-477F-8F02-AA2FBED1496A}.Release|Any CPU.Build.0 = Release|Any CPU
		{F200909C-194F-47F6-8FD8-D994251DFAB3}.Debug|Any CPU.ActiveCfg = Debug|Any CPU
		{F200909C-194F-47F6-8FD8-D994251DFAB3}.Debug|Any CPU.Build.0 = Debug|Any CPU
		{F200909C-194F-47F6-8FD8-D994251DFAB3}.Release|Any CPU.ActiveCfg = Release|Any CPU
		{F200909C-194F-47F6-8FD8-D994251DFAB3}.Release|Any CPU.Build.0 = Release|Any CPU
		{9D647CF0-5AA4-499C-B5CE-5D330E420FC1}.Debug|Any CPU.ActiveCfg = Debug|Any CPU
		{9D647CF0-5AA4-499C-B5CE-5D330E420FC1}.Debug|Any CPU.Build.0 = Debug|Any CPU
		{9D647CF0-5AA4-499C-B5CE-5D330E420FC1}.Release|Any CPU.ActiveCfg = Release|Any CPU
		{9D647CF0-5AA4-499C-B5CE-5D330E420FC1}.Release|Any CPU.Build.0 = Release|Any CPU
	EndGlobalSection
	GlobalSection(SolutionProperties) = preSolution
		HideSolutionNode = FALSE
	EndGlobalSection
	GlobalSection(NestedProjects) = preSolution
		{422AF445-0F3D-4C57-9071-DE423475F5B5} = {E1445410-B782-4BE3-8AD2-1ADD8E76BBC4}
		{701244F9-1BB6-4B85-85A3-87160D2B6E3A} = {2E056B41-6674-49E0-AAD3-D22A7A5376D2}
		{E56C9A28-EA06-4BF7-B6DF-90EF8BA7A3F9} = {EA0998DC-E3FE-4100-944E-68AE8D35C3F2}
		{F074FB42-73C9-41FA-9916-CC82D0499EBA} = {D7FD60E8-B3FD-42E0-9C38-8633C61552DC}
		{931D502B-AC7C-4839-8495-611AA57763B5} = {D88296FC-5CBC-424C-B00C-77001315DD73}
		{9DD00B6B-0DC7-477F-8F02-AA2FBED1496A} = {A1BEB010-34E4-441E-BCF2-BC7CCECFAD8D}
		{F200909C-194F-47F6-8FD8-D994251DFAB3} = {2E056B41-6674-49E0-AAD3-D22A7A5376D2}
		{9D647CF0-5AA4-499C-B5CE-5D330E420FC1} = {6EFA4297-F482-4AFC-A383-C6DD2E4B7601}
	EndGlobalSection
	GlobalSection(ExtensibilityGlobals) = postSolution
		SolutionGuid = {9BB14501-9494-4495-86FD-BFEB6C9C4AB2}
	EndGlobalSection
EndGlobal
