
Microsoft Visual Studio Solution File, Format Version 12.00
# Visual Studio Version 16
VisualStudioVersion = 16.0.31129.286
MinimumVisualStudioVersion = 10.0.40219.1
Project("{2150E333-8FDC-42A3-9474-1A3956D46DE8}") = "Application", "Application", "{D7FD60E8-B3FD-42E0-9C38-8633C61552DC}"
EndProject
Project("{2150E333-8FDC-42A3-9474-1A3956D46DE8}") = "Domain", "Domain", "{2E056B41-6674-49E0-AAD3-D22A7A5376D2}"
EndProject
Project("{2150E333-8FDC-42A3-9474-1A3956D46DE8}") = "Infra.IoC", "Infra.IoC", "{D88296FC-5CBC-424C-B00C-77001315DD73}"
EndProject
Project("{2150E333-8FDC-42A3-9474-1A3956D46DE8}") = "Infra.Data", "Infra.Data", "{EA0998DC-E3FE-4100-944E-68AE8D35C3F2}"
EndProject
Project("{2150E333-8FDC-42A3-9474-1A3956D46DE8}") = "Presentation", "Presentation", "{E1445410-B782-4BE3-8AD2-1ADD8E76BBC4}"
EndProject
Project("{FAE04EC0-301F-11D3-BF4B-00C04F79EFBC}") = "CleanArch.Mvc", "CleanArch.Mvc\CleanArch.Mvc.csproj", "{422AF445-0F3D-4C57-9071-DE423475F5B5}"
EndProject
Global
	GlobalSection(SolutionConfigurationPlatforms) = preSolution
		Debug|Any CPU = Debug|Any CPU
		Release|Any CPU = Release|Any CPU
	EndGlobalSection
	GlobalSection(ProjectConfigurationPlatforms) = postSolution
		{422AF445-0F3D-4C57-9071-DE423475F5B5}.Debug|Any CPU.ActiveCfg = Debug|Any CPU
		{422AF445-0F3D-4C57-9071-DE423475F5B5}.Debug|Any CPU.Build.0 = Debug|Any CPU
		{422AF445-0F3D-4C57-9071-DE423475F5B5}.Release|Any CPU.ActiveCfg = Release|Any CPU
		{422AF445-0F3D-4C57-9071-DE423475F5B5}.Release|Any CPU.Build.0 = Release|Any CPU
	EndGlobalSection
	GlobalSection(SolutionProperties) = preSolution
		HideSolutionNode = FALSE
	EndGlobalSection
	GlobalSection(NestedProjects) = preSolution
		{422AF445-0F3D-4C57-9071-DE423475F5B5} = {E1445410-B782-4BE3-8AD2-1ADD8E76BBC4}
	EndGlobalSection
	GlobalSection(ExtensibilityGlobals) = postSolution
		SolutionGuid = {9BB14501-9494-4495-86FD-BFEB6C9C4AB2}
	EndGlobalSection
EndGlobal
